// !$*UTF8*$!
{
	archiveVersion = 1;
	classes = {
	};
	objectVersion = 51;
	objects = {

/* Begin PBXBuildFile section */
		0409CFF623294EDE0006834B /* Obra.swift in Sources */ = {isa = PBXBuildFile; fileRef = 0409CFF523294EDE0006834B /* Obra.swift */; };
		0409CFFA232968050006834B /* TableViewCell.swift in Sources */ = {isa = PBXBuildFile; fileRef = 0409CFF9232968050006834B /* TableViewCell.swift */; };
		040D4DF72326B20600826615 /* ViewExtensions.swift in Sources */ = {isa = PBXBuildFile; fileRef = 040D4DF62326B20600826615 /* ViewExtensions.swift */; };
		040D4DF92326CD6A00826615 /* LoginViewController.swift in Sources */ = {isa = PBXBuildFile; fileRef = 040D4DF82326CD6A00826615 /* LoginViewController.swift */; };
		040D4DFB2326D92700826615 /* ObrasViewController.swift in Sources */ = {isa = PBXBuildFile; fileRef = 040D4DFA2326D92700826615 /* ObrasViewController.swift */; };
		040FB51A23AA785600B4EA36 /* DiariesViewController.swift in Sources */ = {isa = PBXBuildFile; fileRef = 040FB51923AA785600B4EA36 /* DiariesViewController.swift */; };
		0443AD862493F8F00064F94A /* UserModel.swift in Sources */ = {isa = PBXBuildFile; fileRef = 0443AD852493F8F00064F94A /* UserModel.swift */; };
		0443AD89249410480064F94A /* AppUtils.swift in Sources */ = {isa = PBXBuildFile; fileRef = 0443AD88249410480064F94A /* AppUtils.swift */; };
		044475FB2322D09B00B50463 /* AppDelegate.swift in Sources */ = {isa = PBXBuildFile; fileRef = 044475FA2322D09B00B50463 /* AppDelegate.swift */; };
		044475FF2322D09B00B50463 /* EndServicesViewController.swift in Sources */ = {isa = PBXBuildFile; fileRef = 044475FE2322D09B00B50463 /* EndServicesViewController.swift */; };
		044476022322D09B00B50463 /* Main.storyboard in Resources */ = {isa = PBXBuildFile; fileRef = 044476002322D09B00B50463 /* Main.storyboard */; };
		044476042322D09C00B50463 /* Assets.xcassets in Resources */ = {isa = PBXBuildFile; fileRef = 044476032322D09C00B50463 /* Assets.xcassets */; };
		044476072322D09C00B50463 /* LaunchScreen.storyboard in Resources */ = {isa = PBXBuildFile; fileRef = 044476052322D09C00B50463 /* LaunchScreen.storyboard */; };
		044476122322D09C00B50463 /* Intacta_EngenhariaTests.swift in Sources */ = {isa = PBXBuildFile; fileRef = 044476112322D09C00B50463 /* Intacta_EngenhariaTests.swift */; };
		0444761D2322D09C00B50463 /* Intacta_EngenhariaUITests.swift in Sources */ = {isa = PBXBuildFile; fileRef = 0444761C2322D09C00B50463 /* Intacta_EngenhariaUITests.swift */; };
		0444762B2322D0D400B50463 /* GoogleService-Info.plist in Resources */ = {isa = PBXBuildFile; fileRef = 0444762A2322D0D400B50463 /* GoogleService-Info.plist */; };
		0456F1E723ABF2C000C5BFD8 /* Diary.swift in Sources */ = {isa = PBXBuildFile; fileRef = 0456F1E623ABF2C000C5BFD8 /* Diary.swift */; };
		0456F1E923ABFE8C00C5BFD8 /* DiaryController.swift in Sources */ = {isa = PBXBuildFile; fileRef = 0456F1E823ABFE8C00C5BFD8 /* DiaryController.swift */; };
		0458E2CC23281FFF0086057F /* User.swift in Sources */ = {isa = PBXBuildFile; fileRef = 0458E2CB23281FFF0086057F /* User.swift */; };
		0459275C23AD45E300DCE0FB /* Section.swift in Sources */ = {isa = PBXBuildFile; fileRef = 0459275B23AD45E300DCE0FB /* Section.swift */; };
		0459275E23AD548F00DCE0FB /* PhotoCell.swift in Sources */ = {isa = PBXBuildFile; fileRef = 0459275D23AD548F00DCE0FB /* PhotoCell.swift */; };
		0466100F249A64B100E542D2 /* DiaryModel.swift in Sources */ = {isa = PBXBuildFile; fileRef = 0466100E249A64B100E542D2 /* DiaryModel.swift */; };
		04C67F3024993CA3007A1ED7 /* ObraModel.swift in Sources */ = {isa = PBXBuildFile; fileRef = 04C67F2F24993CA3007A1ED7 /* ObraModel.swift */; };
		04E8196324F5B2E100E72ABD /* Document.swift in Sources */ = {isa = PBXBuildFile; fileRef = 04E8196224F5B2E100E72ABD /* Document.swift */; };
		04E8196524F5B36C00E72ABD /* DocumentModel.swift in Sources */ = {isa = PBXBuildFile; fileRef = 04E8196424F5B36C00E72ABD /* DocumentModel.swift */; };
		04EC231723DF64BC0032DF02 /* DocumentsViewController.swift in Sources */ = {isa = PBXBuildFile; fileRef = 04EC231623DF64BC0032DF02 /* DocumentsViewController.swift */; };
		41F18198EE2303612A2FD050 /* Pods_Intacta_EngenhariaTests.framework in Frameworks */ = {isa = PBXBuildFile; fileRef = 8D8240BC4C3F42CF49AE2528 /* Pods_Intacta_EngenhariaTests.framework */; };
		649A2AAEBFB5E7EFD095A51B /* Pods_Intacta_EngenhariaUITests.framework in Frameworks */ = {isa = PBXBuildFile; fileRef = 52B0BA33C855A490475EA88A /* Pods_Intacta_EngenhariaUITests.framework */; };
		7AA90E9B1F6506C4D15156F2 /* Pods_Intacta_Engenharia.framework in Frameworks */ = {isa = PBXBuildFile; fileRef = 20151B5998BAC195C03D74EF /* Pods_Intacta_Engenharia.framework */; };
/* End PBXBuildFile section */

/* Begin PBXContainerItemProxy section */
		0444760E2322D09C00B50463 /* PBXContainerItemProxy */ = {
			isa = PBXContainerItemProxy;
			containerPortal = 044475EF2322D09B00B50463 /* Project object */;
			proxyType = 1;
			remoteGlobalIDString = 044475F62322D09B00B50463;
			remoteInfo = "Intacta Engenharia";
		};
		044476192322D09C00B50463 /* PBXContainerItemProxy */ = {
			isa = PBXContainerItemProxy;
			containerPortal = 044475EF2322D09B00B50463 /* Project object */;
			proxyType = 1;
			remoteGlobalIDString = 044475F62322D09B00B50463;
			remoteInfo = "Intacta Engenharia";
		};
/* End PBXContainerItemProxy section */

/* Begin PBXFileReference section */
		0409CFF523294EDE0006834B /* Obra.swift */ = {isa = PBXFileReference; lastKnownFileType = sourcecode.swift; path = Obra.swift; sourceTree = "<group>"; };
		0409CFF9232968050006834B /* TableViewCell.swift */ = {isa = PBXFileReference; lastKnownFileType = sourcecode.swift; path = TableViewCell.swift; sourceTree = "<group>"; };
		040D4DF62326B20600826615 /* ViewExtensions.swift */ = {isa = PBXFileReference; lastKnownFileType = sourcecode.swift; path = ViewExtensions.swift; sourceTree = "<group>"; };
		040D4DF82326CD6A00826615 /* LoginViewController.swift */ = {isa = PBXFileReference; lastKnownFileType = sourcecode.swift; path = LoginViewController.swift; sourceTree = "<group>"; };
		040D4DFA2326D92700826615 /* ObrasViewController.swift */ = {isa = PBXFileReference; lastKnownFileType = sourcecode.swift; path = ObrasViewController.swift; sourceTree = "<group>"; };
		040FB51923AA785600B4EA36 /* DiariesViewController.swift */ = {isa = PBXFileReference; lastKnownFileType = sourcecode.swift; path = DiariesViewController.swift; sourceTree = "<group>"; };
		0443AD852493F8F00064F94A /* UserModel.swift */ = {isa = PBXFileReference; lastKnownFileType = sourcecode.swift; path = UserModel.swift; sourceTree = "<group>"; };
		0443AD88249410480064F94A /* AppUtils.swift */ = {isa = PBXFileReference; lastKnownFileType = sourcecode.swift; path = AppUtils.swift; sourceTree = "<group>"; };
		044475F72322D09B00B50463 /* Intacta Engenharia.app */ = {isa = PBXFileReference; explicitFileType = wrapper.application; includeInIndex = 0; path = "Intacta Engenharia.app"; sourceTree = BUILT_PRODUCTS_DIR; };
		044475FA2322D09B00B50463 /* AppDelegate.swift */ = {isa = PBXFileReference; lastKnownFileType = sourcecode.swift; path = AppDelegate.swift; sourceTree = "<group>"; };
		044475FE2322D09B00B50463 /* EndServicesViewController.swift */ = {isa = PBXFileReference; lastKnownFileType = sourcecode.swift; path = EndServicesViewController.swift; sourceTree = "<group>"; };
		044476012322D09B00B50463 /* Base */ = {isa = PBXFileReference; lastKnownFileType = file.storyboard; name = Base; path = Base.lproj/Main.storyboard; sourceTree = "<group>"; };
		044476032322D09C00B50463 /* Assets.xcassets */ = {isa = PBXFileReference; lastKnownFileType = folder.assetcatalog; path = Assets.xcassets; sourceTree = "<group>"; };
		044476062322D09C00B50463 /* Base */ = {isa = PBXFileReference; lastKnownFileType = file.storyboard; name = Base; path = Base.lproj/LaunchScreen.storyboard; sourceTree = "<group>"; };
		044476082322D09C00B50463 /* Info.plist */ = {isa = PBXFileReference; lastKnownFileType = text.plist.xml; path = Info.plist; sourceTree = "<group>"; };
		0444760D2322D09C00B50463 /* Intacta EngenhariaTests.xctest */ = {isa = PBXFileReference; explicitFileType = wrapper.cfbundle; includeInIndex = 0; path = "Intacta EngenhariaTests.xctest"; sourceTree = BUILT_PRODUCTS_DIR; };
		044476112322D09C00B50463 /* Intacta_EngenhariaTests.swift */ = {isa = PBXFileReference; lastKnownFileType = sourcecode.swift; path = Intacta_EngenhariaTests.swift; sourceTree = "<group>"; };
		044476132322D09C00B50463 /* Info.plist */ = {isa = PBXFileReference; lastKnownFileType = text.plist.xml; path = Info.plist; sourceTree = "<group>"; };
		044476182322D09C00B50463 /* Intacta EngenhariaUITests.xctest */ = {isa = PBXFileReference; explicitFileType = wrapper.cfbundle; includeInIndex = 0; path = "Intacta EngenhariaUITests.xctest"; sourceTree = BUILT_PRODUCTS_DIR; };
		0444761C2322D09C00B50463 /* Intacta_EngenhariaUITests.swift */ = {isa = PBXFileReference; lastKnownFileType = sourcecode.swift; path = Intacta_EngenhariaUITests.swift; sourceTree = "<group>"; };
		0444761E2322D09C00B50463 /* Info.plist */ = {isa = PBXFileReference; lastKnownFileType = text.plist.xml; path = Info.plist; sourceTree = "<group>"; };
		0444762A2322D0D400B50463 /* GoogleService-Info.plist */ = {isa = PBXFileReference; fileEncoding = 4; lastKnownFileType = text.plist.xml; path = "GoogleService-Info.plist"; sourceTree = "<group>"; };
		0456F1E623ABF2C000C5BFD8 /* Diary.swift */ = {isa = PBXFileReference; lastKnownFileType = sourcecode.swift; path = Diary.swift; sourceTree = "<group>"; };
		0456F1E823ABFE8C00C5BFD8 /* DiaryController.swift */ = {isa = PBXFileReference; lastKnownFileType = sourcecode.swift; path = DiaryController.swift; sourceTree = "<group>"; };
		0458E2CB23281FFF0086057F /* User.swift */ = {isa = PBXFileReference; lastKnownFileType = sourcecode.swift; path = User.swift; sourceTree = "<group>"; };
		0459275B23AD45E300DCE0FB /* Section.swift */ = {isa = PBXFileReference; lastKnownFileType = sourcecode.swift; path = Section.swift; sourceTree = "<group>"; };
		0459275D23AD548F00DCE0FB /* PhotoCell.swift */ = {isa = PBXFileReference; lastKnownFileType = sourcecode.swift; path = PhotoCell.swift; sourceTree = "<group>"; };
		0466100E249A64B100E542D2 /* DiaryModel.swift */ = {isa = PBXFileReference; lastKnownFileType = sourcecode.swift; path = DiaryModel.swift; sourceTree = "<group>"; };
		04C67F2F24993CA3007A1ED7 /* ObraModel.swift */ = {isa = PBXFileReference; lastKnownFileType = sourcecode.swift; path = ObraModel.swift; sourceTree = "<group>"; };
		04E8196224F5B2E100E72ABD /* Document.swift */ = {isa = PBXFileReference; lastKnownFileType = sourcecode.swift; path = Document.swift; sourceTree = "<group>"; };
		04E8196424F5B36C00E72ABD /* DocumentModel.swift */ = {isa = PBXFileReference; lastKnownFileType = sourcecode.swift; path = DocumentModel.swift; sourceTree = "<group>"; };
		04EC231623DF64BC0032DF02 /* DocumentsViewController.swift */ = {isa = PBXFileReference; lastKnownFileType = sourcecode.swift; path = DocumentsViewController.swift; sourceTree = "<group>"; };
		20151B5998BAC195C03D74EF /* Pods_Intacta_Engenharia.framework */ = {isa = PBXFileReference; explicitFileType = wrapper.framework; includeInIndex = 0; path = Pods_Intacta_Engenharia.framework; sourceTree = BUILT_PRODUCTS_DIR; };
		3A7A7A6A08783CDF0F91F9C0 /* Pods-Intacta Engenharia-Intacta EngenhariaUITests.release.xcconfig */ = {isa = PBXFileReference; includeInIndex = 1; lastKnownFileType = text.xcconfig; name = "Pods-Intacta Engenharia-Intacta EngenhariaUITests.release.xcconfig"; path = "Pods/Target Support Files/Pods-Intacta Engenharia-Intacta EngenhariaUITests/Pods-Intacta Engenharia-Intacta EngenhariaUITests.release.xcconfig"; sourceTree = "<group>"; };
		52B0BA33C855A490475EA88A /* Pods_Intacta_EngenhariaUITests.framework */ = {isa = PBXFileReference; explicitFileType = wrapper.framework; includeInIndex = 0; path = Pods_Intacta_EngenhariaUITests.framework; sourceTree = BUILT_PRODUCTS_DIR; };
		544955F6ECA4EB1FF45F0108 /* Pods-Intacta Engenharia.release.xcconfig */ = {isa = PBXFileReference; includeInIndex = 1; lastKnownFileType = text.xcconfig; name = "Pods-Intacta Engenharia.release.xcconfig"; path = "Pods/Target Support Files/Pods-Intacta Engenharia/Pods-Intacta Engenharia.release.xcconfig"; sourceTree = "<group>"; };
		81ECF5A48DC54653C0D4AB35 /* Pods-Intacta Engenharia-Intacta EngenhariaUITests.debug.xcconfig */ = {isa = PBXFileReference; includeInIndex = 1; lastKnownFileType = text.xcconfig; name = "Pods-Intacta Engenharia-Intacta EngenhariaUITests.debug.xcconfig"; path = "Pods/Target Support Files/Pods-Intacta Engenharia-Intacta EngenhariaUITests/Pods-Intacta Engenharia-Intacta EngenhariaUITests.debug.xcconfig"; sourceTree = "<group>"; };
		881DF65B69DBC3523525CC48 /* Pods-Intacta EngenhariaUITests.release.xcconfig */ = {isa = PBXFileReference; includeInIndex = 1; lastKnownFileType = text.xcconfig; name = "Pods-Intacta EngenhariaUITests.release.xcconfig"; path = "Pods/Target Support Files/Pods-Intacta EngenhariaUITests/Pods-Intacta EngenhariaUITests.release.xcconfig"; sourceTree = "<group>"; };
		8D8240BC4C3F42CF49AE2528 /* Pods_Intacta_EngenhariaTests.framework */ = {isa = PBXFileReference; explicitFileType = wrapper.framework; includeInIndex = 0; path = Pods_Intacta_EngenhariaTests.framework; sourceTree = BUILT_PRODUCTS_DIR; };
		AC93A9A8AAAF186439B31E93 /* Pods-Intacta EngenhariaTests.release.xcconfig */ = {isa = PBXFileReference; includeInIndex = 1; lastKnownFileType = text.xcconfig; name = "Pods-Intacta EngenhariaTests.release.xcconfig"; path = "Pods/Target Support Files/Pods-Intacta EngenhariaTests/Pods-Intacta EngenhariaTests.release.xcconfig"; sourceTree = "<group>"; };
		AEBD25E59AE20C4ED7C8EB68 /* Pods-Intacta Engenharia.debug.xcconfig */ = {isa = PBXFileReference; includeInIndex = 1; lastKnownFileType = text.xcconfig; name = "Pods-Intacta Engenharia.debug.xcconfig"; path = "Pods/Target Support Files/Pods-Intacta Engenharia/Pods-Intacta Engenharia.debug.xcconfig"; sourceTree = "<group>"; };
		C4AAEA411259240E10194BBB /* Pods-Intacta EngenhariaTests.debug.xcconfig */ = {isa = PBXFileReference; includeInIndex = 1; lastKnownFileType = text.xcconfig; name = "Pods-Intacta EngenhariaTests.debug.xcconfig"; path = "Pods/Target Support Files/Pods-Intacta EngenhariaTests/Pods-Intacta EngenhariaTests.debug.xcconfig"; sourceTree = "<group>"; };
		DBEE9D6E8E1F3074B9E003F6 /* Pods-Intacta EngenhariaUITests.debug.xcconfig */ = {isa = PBXFileReference; includeInIndex = 1; lastKnownFileType = text.xcconfig; name = "Pods-Intacta EngenhariaUITests.debug.xcconfig"; path = "Pods/Target Support Files/Pods-Intacta EngenhariaUITests/Pods-Intacta EngenhariaUITests.debug.xcconfig"; sourceTree = "<group>"; };
/* End PBXFileReference section */

/* Begin PBXFrameworksBuildPhase section */
		044475F42322D09B00B50463 /* Frameworks */ = {
			isa = PBXFrameworksBuildPhase;
			buildActionMask = 2147483647;
			files = (
				7AA90E9B1F6506C4D15156F2 /* Pods_Intacta_Engenharia.framework in Frameworks */,
			);
			runOnlyForDeploymentPostprocessing = 0;
		};
		0444760A2322D09C00B50463 /* Frameworks */ = {
			isa = PBXFrameworksBuildPhase;
			buildActionMask = 2147483647;
			files = (
				41F18198EE2303612A2FD050 /* Pods_Intacta_EngenhariaTests.framework in Frameworks */,
			);
			runOnlyForDeploymentPostprocessing = 0;
		};
		044476152322D09C00B50463 /* Frameworks */ = {
			isa = PBXFrameworksBuildPhase;
			buildActionMask = 2147483647;
			files = (
				649A2AAEBFB5E7EFD095A51B /* Pods_Intacta_EngenhariaUITests.framework in Frameworks */,
			);
			runOnlyForDeploymentPostprocessing = 0;
		};
/* End PBXFrameworksBuildPhase section */

/* Begin PBXGroup section */
		0443AD822493F1620064F94A /* Bean */ = {
			isa = PBXGroup;
			children = (
				04E8196224F5B2E100E72ABD /* Document.swift */,
				0456F1E623ABF2C000C5BFD8 /* Diary.swift */,
				0409CFF523294EDE0006834B /* Obra.swift */,
				0458E2CB23281FFF0086057F /* User.swift */,
				0459275B23AD45E300DCE0FB /* Section.swift */,
			);
			path = Bean;
			sourceTree = "<group>";
		};
		0443AD842493F85D0064F94A /* Model */ = {
			isa = PBXGroup;
			children = (
				0443AD852493F8F00064F94A /* UserModel.swift */,
				04C67F2F24993CA3007A1ED7 /* ObraModel.swift */,
				0466100E249A64B100E542D2 /* DiaryModel.swift */,
				04E8196424F5B36C00E72ABD /* DocumentModel.swift */,
			);
			path = Model;
			sourceTree = "<group>";
		};
		0443AD872494101C0064F94A /* Utils */ = {
			isa = PBXGroup;
			children = (
				0443AD88249410480064F94A /* AppUtils.swift */,
			);
			path = Utils;
			sourceTree = "<group>";
		};
		044475EE2322D09B00B50463 = {
			isa = PBXGroup;
			children = (
				044475F92322D09B00B50463 /* Intacta Engenharia */,
				044476102322D09C00B50463 /* Intacta EngenhariaTests */,
				0444761B2322D09C00B50463 /* Intacta EngenhariaUITests */,
				044475F82322D09B00B50463 /* Products */,
				3922882C9324E2165B93C151 /* Pods */,
				7390329F476EDB833C897062 /* Frameworks */,
			);
			sourceTree = "<group>";
		};
		044475F82322D09B00B50463 /* Products */ = {
			isa = PBXGroup;
			children = (
				044475F72322D09B00B50463 /* Intacta Engenharia.app */,
				0444760D2322D09C00B50463 /* Intacta EngenhariaTests.xctest */,
				044476182322D09C00B50463 /* Intacta EngenhariaUITests.xctest */,
			);
			name = Products;
			sourceTree = "<group>";
		};
		044475F92322D09B00B50463 /* Intacta Engenharia */ = {
			isa = PBXGroup;
			children = (
				0443AD872494101C0064F94A /* Utils */,
				0443AD842493F85D0064F94A /* Model */,
				0443AD822493F1620064F94A /* Bean */,
				0444762A2322D0D400B50463 /* GoogleService-Info.plist */,
				044475FA2322D09B00B50463 /* AppDelegate.swift */,
				040D4DF82326CD6A00826615 /* LoginViewController.swift */,
				040D4DFA2326D92700826615 /* ObrasViewController.swift */,
				040FB51923AA785600B4EA36 /* DiariesViewController.swift */,
				0456F1E823ABFE8C00C5BFD8 /* DiaryController.swift */,
				044475FE2322D09B00B50463 /* EndServicesViewController.swift */,
				04EC231623DF64BC0032DF02 /* DocumentsViewController.swift */,
				044476002322D09B00B50463 /* Main.storyboard */,
				0459275D23AD548F00DCE0FB /* PhotoCell.swift */,
				0409CFF9232968050006834B /* TableViewCell.swift */,
				044476032322D09C00B50463 /* Assets.xcassets */,
				044476082322D09C00B50463 /* Info.plist */,
				040D4DF62326B20600826615 /* ViewExtensions.swift */,
				044476052322D09C00B50463 /* LaunchScreen.storyboard */,
			);
			path = "Intacta Engenharia";
			sourceTree = "<group>";
		};
		044476102322D09C00B50463 /* Intacta EngenhariaTests */ = {
			isa = PBXGroup;
			children = (
				044476112322D09C00B50463 /* Intacta_EngenhariaTests.swift */,
				044476132322D09C00B50463 /* Info.plist */,
			);
			path = "Intacta EngenhariaTests";
			sourceTree = "<group>";
		};
		0444761B2322D09C00B50463 /* Intacta EngenhariaUITests */ = {
			isa = PBXGroup;
			children = (
				0444761C2322D09C00B50463 /* Intacta_EngenhariaUITests.swift */,
				0444761E2322D09C00B50463 /* Info.plist */,
			);
			path = "Intacta EngenhariaUITests";
			sourceTree = "<group>";
		};
		3922882C9324E2165B93C151 /* Pods */ = {
			isa = PBXGroup;
			children = (
				AEBD25E59AE20C4ED7C8EB68 /* Pods-Intacta Engenharia.debug.xcconfig */,
				544955F6ECA4EB1FF45F0108 /* Pods-Intacta Engenharia.release.xcconfig */,
				81ECF5A48DC54653C0D4AB35 /* Pods-Intacta Engenharia-Intacta EngenhariaUITests.debug.xcconfig */,
				3A7A7A6A08783CDF0F91F9C0 /* Pods-Intacta Engenharia-Intacta EngenhariaUITests.release.xcconfig */,
				C4AAEA411259240E10194BBB /* Pods-Intacta EngenhariaTests.debug.xcconfig */,
				AC93A9A8AAAF186439B31E93 /* Pods-Intacta EngenhariaTests.release.xcconfig */,
				DBEE9D6E8E1F3074B9E003F6 /* Pods-Intacta EngenhariaUITests.debug.xcconfig */,
				881DF65B69DBC3523525CC48 /* Pods-Intacta EngenhariaUITests.release.xcconfig */,
			);
			name = Pods;
			sourceTree = "<group>";
		};
		7390329F476EDB833C897062 /* Frameworks */ = {
			isa = PBXGroup;
			children = (
				20151B5998BAC195C03D74EF /* Pods_Intacta_Engenharia.framework */,
				8D8240BC4C3F42CF49AE2528 /* Pods_Intacta_EngenhariaTests.framework */,
				52B0BA33C855A490475EA88A /* Pods_Intacta_EngenhariaUITests.framework */,
			);
			name = Frameworks;
			sourceTree = "<group>";
		};
/* End PBXGroup section */

/* Begin PBXNativeTarget section */
		044475F62322D09B00B50463 /* Intacta Engenharia */ = {
			isa = PBXNativeTarget;
			buildConfigurationList = 044476212322D09C00B50463 /* Build configuration list for PBXNativeTarget "Intacta Engenharia" */;
			buildPhases = (
				2C13B5E3A68233E25051D1BB /* [CP] Check Pods Manifest.lock */,
				044475F32322D09B00B50463 /* Sources */,
				044475F42322D09B00B50463 /* Frameworks */,
				044475F52322D09B00B50463 /* Resources */,
				83A81986FC748BE8777FF3DA /* [CP] Embed Pods Frameworks */,
				C68D2E8CA997288C7629C99B /* [CP] Copy Pods Resources */,
			);
			buildRules = (
			);
			dependencies = (
			);
			name = "Intacta Engenharia";
			productName = "Intacta Engenharia";
			productReference = 044475F72322D09B00B50463 /* Intacta Engenharia.app */;
			productType = "com.apple.product-type.application";
		};
		0444760C2322D09C00B50463 /* Intacta EngenhariaTests */ = {
			isa = PBXNativeTarget;
			buildConfigurationList = 044476242322D09C00B50463 /* Build configuration list for PBXNativeTarget "Intacta EngenhariaTests" */;
			buildPhases = (
				CEF2A74F4D65A15263AFD0D9 /* [CP] Check Pods Manifest.lock */,
				044476092322D09C00B50463 /* Sources */,
				0444760A2322D09C00B50463 /* Frameworks */,
				0444760B2322D09C00B50463 /* Resources */,
			);
			buildRules = (
			);
			dependencies = (
				0444760F2322D09C00B50463 /* PBXTargetDependency */,
			);
			name = "Intacta EngenhariaTests";
			productName = "Intacta EngenhariaTests";
			productReference = 0444760D2322D09C00B50463 /* Intacta EngenhariaTests.xctest */;
			productType = "com.apple.product-type.bundle.unit-test";
		};
		044476172322D09C00B50463 /* Intacta EngenhariaUITests */ = {
			isa = PBXNativeTarget;
			buildConfigurationList = 044476272322D09C00B50463 /* Build configuration list for PBXNativeTarget "Intacta EngenhariaUITests" */;
			buildPhases = (
				D2BE5EF650D78C886A1B3942 /* [CP] Check Pods Manifest.lock */,
				044476142322D09C00B50463 /* Sources */,
				044476152322D09C00B50463 /* Frameworks */,
				044476162322D09C00B50463 /* Resources */,
			);
			buildRules = (
			);
			dependencies = (
				0444761A2322D09C00B50463 /* PBXTargetDependency */,
			);
			name = "Intacta EngenhariaUITests";
			productName = "Intacta EngenhariaUITests";
			productReference = 044476182322D09C00B50463 /* Intacta EngenhariaUITests.xctest */;
			productType = "com.apple.product-type.bundle.ui-testing";
		};
/* End PBXNativeTarget section */

/* Begin PBXProject section */
		044475EF2322D09B00B50463 /* Project object */ = {
			isa = PBXProject;
			attributes = {
				LastSwiftUpdateCheck = 1030;
				LastUpgradeCheck = 1030;
				ORGANIZATIONNAME = "Intacta Engenharia";
				TargetAttributes = {
					044475F62322D09B00B50463 = {
						CreatedOnToolsVersion = 10.3;
					};
					0444760C2322D09C00B50463 = {
						CreatedOnToolsVersion = 10.3;
						TestTargetID = 044475F62322D09B00B50463;
					};
					044476172322D09C00B50463 = {
						CreatedOnToolsVersion = 10.3;
						TestTargetID = 044475F62322D09B00B50463;
					};
				};
			};
			buildConfigurationList = 044475F22322D09B00B50463 /* Build configuration list for PBXProject "Intacta Engenharia" */;
			compatibilityVersion = "Xcode 9.3";
			developmentRegion = en;
			hasScannedForEncodings = 0;
			knownRegions = (
				en,
				Base,
			);
			mainGroup = 044475EE2322D09B00B50463;
			productRefGroup = 044475F82322D09B00B50463 /* Products */;
			projectDirPath = "";
			projectRoot = "";
			targets = (
				044475F62322D09B00B50463 /* Intacta Engenharia */,
				0444760C2322D09C00B50463 /* Intacta EngenhariaTests */,
				044476172322D09C00B50463 /* Intacta EngenhariaUITests */,
			);
		};
/* End PBXProject section */

/* Begin PBXResourcesBuildPhase section */
		044475F52322D09B00B50463 /* Resources */ = {
			isa = PBXResourcesBuildPhase;
			buildActionMask = 2147483647;
			files = (
				044476072322D09C00B50463 /* LaunchScreen.storyboard in Resources */,
				0444762B2322D0D400B50463 /* GoogleService-Info.plist in Resources */,
				044476042322D09C00B50463 /* Assets.xcassets in Resources */,
				044476022322D09B00B50463 /* Main.storyboard in Resources */,
			);
			runOnlyForDeploymentPostprocessing = 0;
		};
		0444760B2322D09C00B50463 /* Resources */ = {
			isa = PBXResourcesBuildPhase;
			buildActionMask = 2147483647;
			files = (
			);
			runOnlyForDeploymentPostprocessing = 0;
		};
		044476162322D09C00B50463 /* Resources */ = {
			isa = PBXResourcesBuildPhase;
			buildActionMask = 2147483647;
			files = (
			);
			runOnlyForDeploymentPostprocessing = 0;
		};
/* End PBXResourcesBuildPhase section */

/* Begin PBXShellScriptBuildPhase section */
		2C13B5E3A68233E25051D1BB /* [CP] Check Pods Manifest.lock */ = {
			isa = PBXShellScriptBuildPhase;
			buildActionMask = 2147483647;
			files = (
			);
			inputPaths = (
				"${PODS_PODFILE_DIR_PATH}/Podfile.lock",
				"${PODS_ROOT}/Manifest.lock",
			);
			name = "[CP] Check Pods Manifest.lock";
			outputPaths = (
				"$(DERIVED_FILE_DIR)/Pods-Intacta Engenharia-checkManifestLockResult.txt",
			);
			runOnlyForDeploymentPostprocessing = 0;
			shellPath = /bin/sh;
			shellScript = "diff \"${PODS_PODFILE_DIR_PATH}/Podfile.lock\" \"${PODS_ROOT}/Manifest.lock\" > /dev/null\nif [ $? != 0 ] ; then\n    # print error to STDERR\n    echo \"error: The sandbox is not in sync with the Podfile.lock. Run 'pod install' or update your CocoaPods installation.\" >&2\n    exit 1\nfi\n# This output is used by Xcode 'outputs' to avoid re-running this script phase.\necho \"SUCCESS\" > \"${SCRIPT_OUTPUT_FILE_0}\"\n";
			showEnvVarsInLog = 0;
		};
		83A81986FC748BE8777FF3DA /* [CP] Embed Pods Frameworks */ = {
			isa = PBXShellScriptBuildPhase;
			buildActionMask = 2147483647;
			files = (
			);
			inputFileListPaths = (
				"${PODS_ROOT}/Target Support Files/Pods-Intacta Engenharia/Pods-Intacta Engenharia-frameworks-${CONFIGURATION}-input-files.xcfilelist",
			);
			name = "[CP] Embed Pods Frameworks";
			outputFileListPaths = (
				"${PODS_ROOT}/Target Support Files/Pods-Intacta Engenharia/Pods-Intacta Engenharia-frameworks-${CONFIGURATION}-output-files.xcfilelist",
			);
			runOnlyForDeploymentPostprocessing = 0;
			shellPath = /bin/sh;
			shellScript = "\"${PODS_ROOT}/Target Support Files/Pods-Intacta Engenharia/Pods-Intacta Engenharia-frameworks.sh\"\n";
			showEnvVarsInLog = 0;
		};
		C68D2E8CA997288C7629C99B /* [CP] Copy Pods Resources */ = {
			isa = PBXShellScriptBuildPhase;
			buildActionMask = 2147483647;
			files = (
			);
			inputFileListPaths = (
				"${PODS_ROOT}/Target Support Files/Pods-Intacta Engenharia/Pods-Intacta Engenharia-resources-${CONFIGURATION}-input-files.xcfilelist",
			);
			name = "[CP] Copy Pods Resources";
			outputFileListPaths = (
				"${PODS_ROOT}/Target Support Files/Pods-Intacta Engenharia/Pods-Intacta Engenharia-resources-${CONFIGURATION}-output-files.xcfilelist",
			);
			runOnlyForDeploymentPostprocessing = 0;
			shellPath = /bin/sh;
			shellScript = "\"${PODS_ROOT}/Target Support Files/Pods-Intacta Engenharia/Pods-Intacta Engenharia-resources.sh\"\n";
			showEnvVarsInLog = 0;
		};
		CEF2A74F4D65A15263AFD0D9 /* [CP] Check Pods Manifest.lock */ = {
			isa = PBXShellScriptBuildPhase;
			buildActionMask = 2147483647;
			files = (
			);
			inputPaths = (
				"${PODS_PODFILE_DIR_PATH}/Podfile.lock",
				"${PODS_ROOT}/Manifest.lock",
			);
			name = "[CP] Check Pods Manifest.lock";
			outputPaths = (
				"$(DERIVED_FILE_DIR)/Pods-Intacta EngenhariaTests-checkManifestLockResult.txt",
			);
			runOnlyForDeploymentPostprocessing = 0;
			shellPath = /bin/sh;
			shellScript = "diff \"${PODS_PODFILE_DIR_PATH}/Podfile.lock\" \"${PODS_ROOT}/Manifest.lock\" > /dev/null\nif [ $? != 0 ] ; then\n    # print error to STDERR\n    echo \"error: The sandbox is not in sync with the Podfile.lock. Run 'pod install' or update your CocoaPods installation.\" >&2\n    exit 1\nfi\n# This output is used by Xcode 'outputs' to avoid re-running this script phase.\necho \"SUCCESS\" > \"${SCRIPT_OUTPUT_FILE_0}\"\n";
			showEnvVarsInLog = 0;
		};
		D2BE5EF650D78C886A1B3942 /* [CP] Check Pods Manifest.lock */ = {
			isa = PBXShellScriptBuildPhase;
			buildActionMask = 2147483647;
			files = (
			);
			inputPaths = (
				"${PODS_PODFILE_DIR_PATH}/Podfile.lock",
				"${PODS_ROOT}/Manifest.lock",
			);
			name = "[CP] Check Pods Manifest.lock";
			outputPaths = (
				"$(DERIVED_FILE_DIR)/Pods-Intacta EngenhariaUITests-checkManifestLockResult.txt",
			);
			runOnlyForDeploymentPostprocessing = 0;
			shellPath = /bin/sh;
			shellScript = "diff \"${PODS_PODFILE_DIR_PATH}/Podfile.lock\" \"${PODS_ROOT}/Manifest.lock\" > /dev/null\nif [ $? != 0 ] ; then\n    # print error to STDERR\n    echo \"error: The sandbox is not in sync with the Podfile.lock. Run 'pod install' or update your CocoaPods installation.\" >&2\n    exit 1\nfi\n# This output is used by Xcode 'outputs' to avoid re-running this script phase.\necho \"SUCCESS\" > \"${SCRIPT_OUTPUT_FILE_0}\"\n";
			showEnvVarsInLog = 0;
		};
/* End PBXShellScriptBuildPhase section */

/* Begin PBXSourcesBuildPhase section */
		044475F32322D09B00B50463 /* Sources */ = {
			isa = PBXSourcesBuildPhase;
			buildActionMask = 2147483647;
			files = (
				04EC231723DF64BC0032DF02 /* DocumentsViewController.swift in Sources */,
				044475FF2322D09B00B50463 /* EndServicesViewController.swift in Sources */,
				04E8196524F5B36C00E72ABD /* DocumentModel.swift in Sources */,
				0456F1E923ABFE8C00C5BFD8 /* DiaryController.swift in Sources */,
				0409CFF623294EDE0006834B /* Obra.swift in Sources */,
				044475FB2322D09B00B50463 /* AppDelegate.swift in Sources */,
				0409CFFA232968050006834B /* TableViewCell.swift in Sources */,
				0443AD89249410480064F94A /* AppUtils.swift in Sources */,
				040D4DF72326B20600826615 /* ViewExtensions.swift in Sources */,
				040D4DFB2326D92700826615 /* ObrasViewController.swift in Sources */,
				04C67F3024993CA3007A1ED7 /* ObraModel.swift in Sources */,
				0459275E23AD548F00DCE0FB /* PhotoCell.swift in Sources */,
				0459275C23AD45E300DCE0FB /* Section.swift in Sources */,
				0466100F249A64B100E542D2 /* DiaryModel.swift in Sources */,
				0443AD862493F8F00064F94A /* UserModel.swift in Sources */,
				040D4DF92326CD6A00826615 /* LoginViewController.swift in Sources */,
				040FB51A23AA785600B4EA36 /* DiariesViewController.swift in Sources */,
				0458E2CC23281FFF0086057F /* User.swift in Sources */,
				0456F1E723ABF2C000C5BFD8 /* Diary.swift in Sources */,
				04E8196324F5B2E100E72ABD /* Document.swift in Sources */,
			);
			runOnlyForDeploymentPostprocessing = 0;
		};
		044476092322D09C00B50463 /* Sources */ = {
			isa = PBXSourcesBuildPhase;
			buildActionMask = 2147483647;
			files = (
				044476122322D09C00B50463 /* Intacta_EngenhariaTests.swift in Sources */,
			);
			runOnlyForDeploymentPostprocessing = 0;
		};
		044476142322D09C00B50463 /* Sources */ = {
			isa = PBXSourcesBuildPhase;
			buildActionMask = 2147483647;
			files = (
				0444761D2322D09C00B50463 /* Intacta_EngenhariaUITests.swift in Sources */,
			);
			runOnlyForDeploymentPostprocessing = 0;
		};
/* End PBXSourcesBuildPhase section */

/* Begin PBXTargetDependency section */
		0444760F2322D09C00B50463 /* PBXTargetDependency */ = {
			isa = PBXTargetDependency;
			target = 044475F62322D09B00B50463 /* Intacta Engenharia */;
			targetProxy = 0444760E2322D09C00B50463 /* PBXContainerItemProxy */;
		};
		0444761A2322D09C00B50463 /* PBXTargetDependency */ = {
			isa = PBXTargetDependency;
			target = 044475F62322D09B00B50463 /* Intacta Engenharia */;
			targetProxy = 044476192322D09C00B50463 /* PBXContainerItemProxy */;
		};
/* End PBXTargetDependency section */

/* Begin PBXVariantGroup section */
		044476002322D09B00B50463 /* Main.storyboard */ = {
			isa = PBXVariantGroup;
			children = (
				044476012322D09B00B50463 /* Base */,
			);
			name = Main.storyboard;
			sourceTree = "<group>";
		};
		044476052322D09C00B50463 /* LaunchScreen.storyboard */ = {
			isa = PBXVariantGroup;
			children = (
				044476062322D09C00B50463 /* Base */,
			);
			name = LaunchScreen.storyboard;
			sourceTree = "<group>";
		};
/* End PBXVariantGroup section */

/* Begin XCBuildConfiguration section */
		0444761F2322D09C00B50463 /* Debug */ = {
			isa = XCBuildConfiguration;
			buildSettings = {
				ALWAYS_SEARCH_USER_PATHS = NO;
				CLANG_ANALYZER_NONNULL = YES;
				CLANG_ANALYZER_NUMBER_OBJECT_CONVERSION = YES_AGGRESSIVE;
				CLANG_CXX_LANGUAGE_STANDARD = "gnu++14";
				CLANG_CXX_LIBRARY = "libc++";
				CLANG_ENABLE_MODULES = YES;
				CLANG_ENABLE_OBJC_ARC = YES;
				CLANG_ENABLE_OBJC_WEAK = YES;
				CLANG_WARN_BLOCK_CAPTURE_AUTORELEASING = YES;
				CLANG_WARN_BOOL_CONVERSION = YES;
				CLANG_WARN_COMMA = YES;
				CLANG_WARN_CONSTANT_CONVERSION = YES;
				CLANG_WARN_DEPRECATED_OBJC_IMPLEMENTATIONS = YES;
				CLANG_WARN_DIRECT_OBJC_ISA_USAGE = YES_ERROR;
				CLANG_WARN_DOCUMENTATION_COMMENTS = YES;
				CLANG_WARN_EMPTY_BODY = YES;
				CLANG_WARN_ENUM_CONVERSION = YES;
				CLANG_WARN_INFINITE_RECURSION = YES;
				CLANG_WARN_INT_CONVERSION = YES;
				CLANG_WARN_NON_LITERAL_NULL_CONVERSION = YES;
				CLANG_WARN_OBJC_IMPLICIT_RETAIN_SELF = YES;
				CLANG_WARN_OBJC_LITERAL_CONVERSION = YES;
				CLANG_WARN_OBJC_ROOT_CLASS = YES_ERROR;
				CLANG_WARN_RANGE_LOOP_ANALYSIS = YES;
				CLANG_WARN_STRICT_PROTOTYPES = YES;
				CLANG_WARN_SUSPICIOUS_MOVE = YES;
				CLANG_WARN_UNGUARDED_AVAILABILITY = YES_AGGRESSIVE;
				CLANG_WARN_UNREACHABLE_CODE = YES;
				CLANG_WARN__DUPLICATE_METHOD_MATCH = YES;
				CODE_SIGN_IDENTITY = "iPhone Developer";
				COPY_PHASE_STRIP = NO;
				DEBUG_INFORMATION_FORMAT = dwarf;
				ENABLE_STRICT_OBJC_MSGSEND = YES;
				ENABLE_TESTABILITY = YES;
				GCC_C_LANGUAGE_STANDARD = gnu11;
				GCC_DYNAMIC_NO_PIC = NO;
				GCC_NO_COMMON_BLOCKS = YES;
				GCC_OPTIMIZATION_LEVEL = 0;
				GCC_PREPROCESSOR_DEFINITIONS = (
					"DEBUG=1",
					"$(inherited)",
				);
				GCC_WARN_64_TO_32_BIT_CONVERSION = YES;
				GCC_WARN_ABOUT_RETURN_TYPE = YES_ERROR;
				GCC_WARN_UNDECLARED_SELECTOR = YES;
				GCC_WARN_UNINITIALIZED_AUTOS = YES_AGGRESSIVE;
				GCC_WARN_UNUSED_FUNCTION = YES;
				GCC_WARN_UNUSED_VARIABLE = YES;
				IPHONEOS_DEPLOYMENT_TARGET = 12.4;
				MTL_ENABLE_DEBUG_INFO = INCLUDE_SOURCE;
				MTL_FAST_MATH = YES;
				ONLY_ACTIVE_ARCH = YES;
				SDKROOT = iphoneos;
				SWIFT_ACTIVE_COMPILATION_CONDITIONS = DEBUG;
				SWIFT_OPTIMIZATION_LEVEL = "-Onone";
			};
			name = Debug;
		};
		044476202322D09C00B50463 /* Release */ = {
			isa = XCBuildConfiguration;
			buildSettings = {
				ALWAYS_SEARCH_USER_PATHS = NO;
				CLANG_ANALYZER_NONNULL = YES;
				CLANG_ANALYZER_NUMBER_OBJECT_CONVERSION = YES_AGGRESSIVE;
				CLANG_CXX_LANGUAGE_STANDARD = "gnu++14";
				CLANG_CXX_LIBRARY = "libc++";
				CLANG_ENABLE_MODULES = YES;
				CLANG_ENABLE_OBJC_ARC = YES;
				CLANG_ENABLE_OBJC_WEAK = YES;
				CLANG_WARN_BLOCK_CAPTURE_AUTORELEASING = YES;
				CLANG_WARN_BOOL_CONVERSION = YES;
				CLANG_WARN_COMMA = YES;
				CLANG_WARN_CONSTANT_CONVERSION = YES;
				CLANG_WARN_DEPRECATED_OBJC_IMPLEMENTATIONS = YES;
				CLANG_WARN_DIRECT_OBJC_ISA_USAGE = YES_ERROR;
				CLANG_WARN_DOCUMENTATION_COMMENTS = YES;
				CLANG_WARN_EMPTY_BODY = YES;
				CLANG_WARN_ENUM_CONVERSION = YES;
				CLANG_WARN_INFINITE_RECURSION = YES;
				CLANG_WARN_INT_CONVERSION = YES;
				CLANG_WARN_NON_LITERAL_NULL_CONVERSION = YES;
				CLANG_WARN_OBJC_IMPLICIT_RETAIN_SELF = YES;
				CLANG_WARN_OBJC_LITERAL_CONVERSION = YES;
				CLANG_WARN_OBJC_ROOT_CLASS = YES_ERROR;
				CLANG_WARN_RANGE_LOOP_ANALYSIS = YES;
				CLANG_WARN_STRICT_PROTOTYPES = YES;
				CLANG_WARN_SUSPICIOUS_MOVE = YES;
				CLANG_WARN_UNGUARDED_AVAILABILITY = YES_AGGRESSIVE;
				CLANG_WARN_UNREACHABLE_CODE = YES;
				CLANG_WARN__DUPLICATE_METHOD_MATCH = YES;
				CODE_SIGN_IDENTITY = "iPhone Developer";
				COPY_PHASE_STRIP = NO;
				DEBUG_INFORMATION_FORMAT = "dwarf-with-dsym";
				ENABLE_NS_ASSERTIONS = NO;
				ENABLE_STRICT_OBJC_MSGSEND = YES;
				GCC_C_LANGUAGE_STANDARD = gnu11;
				GCC_NO_COMMON_BLOCKS = YES;
				GCC_WARN_64_TO_32_BIT_CONVERSION = YES;
				GCC_WARN_ABOUT_RETURN_TYPE = YES_ERROR;
				GCC_WARN_UNDECLARED_SELECTOR = YES;
				GCC_WARN_UNINITIALIZED_AUTOS = YES_AGGRESSIVE;
				GCC_WARN_UNUSED_FUNCTION = YES;
				GCC_WARN_UNUSED_VARIABLE = YES;
				IPHONEOS_DEPLOYMENT_TARGET = 12.4;
				MTL_ENABLE_DEBUG_INFO = NO;
				MTL_FAST_MATH = YES;
				SDKROOT = iphoneos;
				SWIFT_COMPILATION_MODE = wholemodule;
				SWIFT_OPTIMIZATION_LEVEL = "-O";
				VALIDATE_PRODUCT = YES;
			};
			name = Release;
		};
		044476222322D09C00B50463 /* Debug */ = {
			isa = XCBuildConfiguration;
			baseConfigurationReference = AEBD25E59AE20C4ED7C8EB68 /* Pods-Intacta Engenharia.debug.xcconfig */;
			buildSettings = {
				ASSETCATALOG_COMPILER_APPICON_NAME = AppIcon;
				CODE_SIGN_IDENTITY = "iPhone Distribution";
				CODE_SIGN_STYLE = Manual;
				CURRENT_PROJECT_VERSION = 5;
				DEVELOPMENT_TEAM = 9C765K85VW;
				INFOPLIST_FILE = "Intacta Engenharia/Info.plist";
				LD_RUNPATH_SEARCH_PATHS = (
					"$(inherited)",
					"@executable_path/Frameworks",
				);
				MARKETING_VERSION = 1.9;
				PRODUCT_BUNDLE_IDENTIFIER = "br.com.intacta.Intacta-Engenharia";
				PRODUCT_NAME = "$(TARGET_NAME)";
				PROVISIONING_PROFILE_SPECIFIER = "Intacta Engenharia";
				SWIFT_VERSION = 5.0;
				TARGETED_DEVICE_FAMILY = "1,2";
			};
			name = Debug;
		};
		044476232322D09C00B50463 /* Release */ = {
			isa = XCBuildConfiguration;
			baseConfigurationReference = 544955F6ECA4EB1FF45F0108 /* Pods-Intacta Engenharia.release.xcconfig */;
			buildSettings = {
				ASSETCATALOG_COMPILER_APPICON_NAME = AppIcon;
				CODE_SIGN_IDENTITY = "iPhone Distribution";
				CODE_SIGN_STYLE = Manual;
				CURRENT_PROJECT_VERSION = 5;
				DEVELOPMENT_TEAM = 9C765K85VW;
				INFOPLIST_FILE = "Intacta Engenharia/Info.plist";
				LD_RUNPATH_SEARCH_PATHS = (
					"$(inherited)",
					"@executable_path/Frameworks",
				);
				MARKETING_VERSION = 1.9;
				PRODUCT_BUNDLE_IDENTIFIER = "br.com.intacta.Intacta-Engenharia";
				PRODUCT_NAME = "$(TARGET_NAME)";
				PROVISIONING_PROFILE_SPECIFIER = "Intacta Engenharia";
				SWIFT_VERSION = 5.0;
				TARGETED_DEVICE_FAMILY = "1,2";
			};
			name = Release;
		};
		044476252322D09C00B50463 /* Debug */ = {
			isa = XCBuildConfiguration;
			baseConfigurationReference = C4AAEA411259240E10194BBB /* Pods-Intacta EngenhariaTests.debug.xcconfig */;
			buildSettings = {
				ALWAYS_EMBED_SWIFT_STANDARD_LIBRARIES = YES;
				BUNDLE_LOADER = "$(TEST_HOST)";
				CODE_SIGN_STYLE = Automatic;
				DEVELOPMENT_TEAM = GSWH8869S5;
				INFOPLIST_FILE = "Intacta EngenhariaTests/Info.plist";
				LD_RUNPATH_SEARCH_PATHS = (
					"$(inherited)",
					"@executable_path/Frameworks",
					"@loader_path/Frameworks",
				);
				PRODUCT_BUNDLE_IDENTIFIER = "intacta.Intacta-EngenhariaTests";
				PRODUCT_NAME = "$(TARGET_NAME)";
				SWIFT_VERSION = 5.0;
				TARGETED_DEVICE_FAMILY = "1,2";
				TEST_HOST = "$(BUILT_PRODUCTS_DIR)/Intacta Engenharia.app/Intacta Engenharia";
			};
			name = Debug;
		};
		044476262322D09C00B50463 /* Release */ = {
			isa = XCBuildConfiguration;
			baseConfigurationReference = AC93A9A8AAAF186439B31E93 /* Pods-Intacta EngenhariaTests.release.xcconfig */;
			buildSettings = {
				ALWAYS_EMBED_SWIFT_STANDARD_LIBRARIES = YES;
				BUNDLE_LOADER = "$(TEST_HOST)";
				CODE_SIGN_STYLE = Automatic;
				DEVELOPMENT_TEAM = GSWH8869S5;
				INFOPLIST_FILE = "Intacta EngenhariaTests/Info.plist";
				LD_RUNPATH_SEARCH_PATHS = (
					"$(inherited)",
					"@executable_path/Frameworks",
					"@loader_path/Frameworks",
				);
				PRODUCT_BUNDLE_IDENTIFIER = "intacta.Intacta-EngenhariaTests";
				PRODUCT_NAME = "$(TARGET_NAME)";
				SWIFT_VERSION = 5.0;
				TARGETED_DEVICE_FAMILY = "1,2";
				TEST_HOST = "$(BUILT_PRODUCTS_DIR)/Intacta Engenharia.app/Intacta Engenharia";
			};
			name = Release;
		};
		044476282322D09C00B50463 /* Debug */ = {
			isa = XCBuildConfiguration;
			baseConfigurationReference = DBEE9D6E8E1F3074B9E003F6 /* Pods-Intacta EngenhariaUITests.debug.xcconfig */;
			buildSettings = {
				ALWAYS_EMBED_SWIFT_STANDARD_LIBRARIES = YES;
				CODE_SIGN_STYLE = Automatic;
				DEVELOPMENT_TEAM = GSWH8869S5;
				INFOPLIST_FILE = "Intacta EngenhariaUITests/Info.plist";
				LD_RUNPATH_SEARCH_PATHS = (
					"$(inherited)",
					"@executable_path/Frameworks",
					"@loader_path/Frameworks",
				);
				PRODUCT_BUNDLE_IDENTIFIER = "intacta.Intacta-EngenhariaUITests";
				PRODUCT_NAME = "$(TARGET_NAME)";
				SWIFT_VERSION = 5.0;
				TARGETED_DEVICE_FAMILY = "1,2";
				TEST_TARGET_NAME = "Intacta Engenharia";
			};
			name = Debug;
		};
		044476292322D09C00B50463 /* Release */ = {
			isa = XCBuildConfiguration;
			baseConfigurationReference = 881DF65B69DBC3523525CC48 /* Pods-Intacta EngenhariaUITests.release.xcconfig */;
			buildSettings = {
				ALWAYS_EMBED_SWIFT_STANDARD_LIBRARIES = YES;
				CODE_SIGN_STYLE = Automatic;
				DEVELOPMENT_TEAM = GSWH8869S5;
				INFOPLIST_FILE = "Intacta EngenhariaUITests/Info.plist";
				LD_RUNPATH_SEARCH_PATHS = (
					"$(inherited)",
					"@executable_path/Frameworks",
					"@loader_path/Frameworks",
				);
				PRODUCT_BUNDLE_IDENTIFIER = "intacta.Intacta-EngenhariaUITests";
				PRODUCT_NAME = "$(TARGET_NAME)";
				SWIFT_VERSION = 5.0;
				TARGETED_DEVICE_FAMILY = "1,2";
				TEST_TARGET_NAME = "Intacta Engenharia";
			};
			name = Release;
		};
/* End XCBuildConfiguration section */

/* Begin XCConfigurationList section */
		044475F22322D09B00B50463 /* Build configuration list for PBXProject "Intacta Engenharia" */ = {
			isa = XCConfigurationList;
			buildConfigurations = (
				0444761F2322D09C00B50463 /* Debug */,
				044476202322D09C00B50463 /* Release */,
			);
			defaultConfigurationIsVisible = 0;
			defaultConfigurationName = Release;
		};
		044476212322D09C00B50463 /* Build configuration list for PBXNativeTarget "Intacta Engenharia" */ = {
			isa = XCConfigurationList;
			buildConfigurations = (
				044476222322D09C00B50463 /* Debug */,
				044476232322D09C00B50463 /* Release */,
			);
			defaultConfigurationIsVisible = 0;
			defaultConfigurationName = Release;
		};
		044476242322D09C00B50463 /* Build configuration list for PBXNativeTarget "Intacta EngenhariaTests" */ = {
			isa = XCConfigurationList;
			buildConfigurations = (
				044476252322D09C00B50463 /* Debug */,
				044476262322D09C00B50463 /* Release */,
			);
			defaultConfigurationIsVisible = 0;
			defaultConfigurationName = Release;
		};
		044476272322D09C00B50463 /* Build configuration list for PBXNativeTarget "Intacta EngenhariaUITests" */ = {
			isa = XCConfigurationList;
			buildConfigurations = (
				044476282322D09C00B50463 /* Debug */,
				044476292322D09C00B50463 /* Release */,
			);
			defaultConfigurationIsVisible = 0;
			defaultConfigurationName = Release;
		};
/* End XCConfigurationList section */
	};
	rootObject = 044475EF2322D09B00B50463 /* Project object */;
}
